// !$*UTF8*$!
{
	archiveVersion = 1;
	classes = {
	};
	objectVersion = 54;
	objects = {

/* Begin PBXBuildFile section */
		008897BC0A8B2891122E02A0 /* SkillsView.swift in Sources */ = {isa = PBXBuildFile; fileRef = 2FA32F70E520FFDE393EC53C /* SkillsView.swift */; };
		00FC31F1B369AF3CEA078E64 /* Colors.xcassets in Resources */ = {isa = PBXBuildFile; fileRef = 52A0D01A3E6D582C47230C69 /* Colors.xcassets */; };
		040B3784FA34E0A6969B8E6D /* EmptyChatView.swift in Sources */ = {isa = PBXBuildFile; fileRef = 8BF1293575ECB6E7302E8201 /* EmptyChatView.swift */; };
		08549061816A5D45B919B90E /* FileIndexer.swift in Sources */ = {isa = PBXBuildFile; fileRef = 217835B356C8176ED6106F7D /* FileIndexer.swift */; };
		09C610DBBE49E5669C06841F /* Message.swift in Sources */ = {isa = PBXBuildFile; fileRef = 0D1C87382820B9459140AEEB /* Message.swift */; };
		1CA6FB3E6E96B350E0BC7A6E /* SettingsView.swift in Sources */ = {isa = PBXBuildFile; fileRef = 89D59E17667F755160EC997E /* SettingsView.swift */; };
		376D8F8E01CB021619BE81E6 /* HapticService.swift in Sources */ = {isa = PBXBuildFile; fileRef = 271F327845B949746BC379BB /* HapticService.swift */; };
		3794A932252AD917342FF070 /* SkillEditorView.swift in Sources */ = {isa = PBXBuildFile; fileRef = B968CDC174AE5F69DB398AAF /* SkillEditorView.swift */; };
		379E91E6822F7DBDB8C99743 /* SessionManager.swift in Sources */ = {isa = PBXBuildFile; fileRef = 8EE80A4ED1008AC2B8313B85 /* SessionManager.swift */; };
		493BCDC891CC7644F564AD1F /* GuardianService.swift in Sources */ = {isa = PBXBuildFile; fileRef = F942DE47ABB6736A07DB4A68 /* GuardianService.swift */; };
		4A53275F17B1F50FADBE8036 /* MessageBubbleView.swift in Sources */ = {isa = PBXBuildFile; fileRef = 5456245854E6D25C5E8E6029 /* MessageBubbleView.swift */; };
		4E2DA4634342117D863AEC03 /* ContextRingView.swift in Sources */ = {isa = PBXBuildFile; fileRef = 32B0AAD78A4EE8FFFC762846 /* ContextRingView.swift */; };
		4F58E047596A31F164A088F3 /* HistoryView.swift in Sources */ = {isa = PBXBuildFile; fileRef = DF1A9A57FB7168592B3066C1 /* HistoryView.swift */; };
		5AC69DD9E899F80C3317DF11 /* ContextMetrics.swift in Sources */ = {isa = PBXBuildFile; fileRef = 7A764A5751982A2E23166AD0 /* ContextMetrics.swift */; };
		5CAE5385D553A89DA027B46B /* ChatView.swift in Sources */ = {isa = PBXBuildFile; fileRef = E4D59EA7891336234F7D8198 /* ChatView.swift */; };
		62915AEFC7275C7C4517190F /* GraphNode.swift in Sources */ = {isa = PBXBuildFile; fileRef = 80987B7D361E3D67BE026F3B /* GraphNode.swift */; };
		67E058A2973B95E16463AC91 /* ContextManager.swift in Sources */ = {isa = PBXBuildFile; fileRef = B7CEC593D46FA6A8E01E0DB9 /* ContextManager.swift */; };
		6A5A85C97D90B640244A628C /* ProjectPromptManager.swift in Sources */ = {isa = PBXBuildFile; fileRef = 5ED328E80CB41170E72E8993 /* ProjectPromptManager.swift */; };
		6BB99D08CB4A879B2E2FD550 /* Typography.swift in Sources */ = {isa = PBXBuildFile; fileRef = BDEA6950501F7F788507952D /* Typography.swift */; };
		721091183B82A6C938FCEFF7 /* MenuBarController.swift in Sources */ = {isa = PBXBuildFile; fileRef = 6982478F63F61AE6290B01B1 /* MenuBarController.swift */; };
		7944F30C6A06ECAD1637172D /* ComposeView.swift in Sources */ = {isa = PBXBuildFile; fileRef = C77C85771BDA89DD1934D786 /* ComposeView.swift */; };
		79F527CBFBA43F6C1F6B7CF3 /* VoiceInputService.swift in Sources */ = {isa = PBXBuildFile; fileRef = 280053F53ADD0D0464B82975 /* VoiceInputService.swift */; };
		7BC4C92BED89C23F7A958CFF /* Skill.swift in Sources */ = {isa = PBXBuildFile; fileRef = 4B9545F843F55A90CE1622C8 /* Skill.swift */; };
		7D38A721AB6A15091BF5FB6F /* MCPServer.swift in Sources */ = {isa = PBXBuildFile; fileRef = 9B9EA0ABD507F06EF6DBC173 /* MCPServer.swift */; };
		7ECAD718557AFA3D6AECF78B /* VoiceService.swift in Sources */ = {isa = PBXBuildFile; fileRef = 89E9F0DD7F188ED6D5C6F0C8 /* VoiceService.swift */; };
		859832B70BC5AF1C4459A201 /* AppDelegate.swift in Sources */ = {isa = PBXBuildFile; fileRef = 4553D5EC5C562FA759C94E3B /* AppDelegate.swift */; };
		8867811D73D836C7E576A450 /* SkillRunner.swift in Sources */ = {isa = PBXBuildFile; fileRef = 6B06786A7A153E92C91528E1 /* SkillRunner.swift */; };
		9867168DB276CD1CF23B3D59 /* ClaudeCodeService.swift in Sources */ = {isa = PBXBuildFile; fileRef = 546B42D0C9ABCEBB94EBD739 /* ClaudeCodeService.swift */; };
		A10AC1623DD9C0E150C4D15A /* MapToolbar.swift in Sources */ = {isa = PBXBuildFile; fileRef = 71C26F1FEBFCD054F854DC82 /* MapToolbar.swift */; };
		A68F67E4E2E8E55A2A2A53A5 /* ClaudeCodeRunner.swift in Sources */ = {isa = PBXBuildFile; fileRef = 4A04597C9D4CB9CC80BF8768 /* ClaudeCodeRunner.swift */; };
		AA06259DE1F4A3BB5D7AEC78 /* Spacing.swift in Sources */ = {isa = PBXBuildFile; fileRef = 267F97345C5373608F7653D4 /* Spacing.swift */; };
		B29AE785A8D224E71CE3DC13 /* AgentManager.swift in Sources */ = {isa = PBXBuildFile; fileRef = 6B5D6CA1C3B99D13C3554CD3 /* AgentManager.swift */; };
		B6A1A889FD4954425899776F /* PopoverContentView.swift in Sources */ = {isa = PBXBuildFile; fileRef = C9E0345298EABABAA9FA842F /* PopoverContentView.swift */; };
		B8BA3275451CA793EF250DC6 /* AxisBlueprintApp.swift in Sources */ = {isa = PBXBuildFile; fileRef = 83DAB36527755F952D9F34C4 /* AxisBlueprintApp.swift */; };
		BA5F672FB885B7838682AAF6 /* ChatSearch.swift in Sources */ = {isa = PBXBuildFile; fileRef = 434C5C4037B2548A3EDE44AA /* ChatSearch.swift */; };
		BB02A9C32773D74BFDF850E5 /* SettingsStore.swift in Sources */ = {isa = PBXBuildFile; fileRef = 9C7182BB458D37A20016B45D /* SettingsStore.swift */; };
		BC9EA465A831E0BD5690692E /* PhysicsSimulation.swift in Sources */ = {isa = PBXBuildFile; fileRef = BA14E228DFF4814A7C71DF7B /* PhysicsSimulation.swift */; };
		BD9E5AC5C2D9865DAAA02C17 /* AxisToggle.swift in Sources */ = {isa = PBXBuildFile; fileRef = 2065F228E173E51AE9EBEE17 /* AxisToggle.swift */; };
		CBBF404B3C1706443983EC31 /* Theme.swift in Sources */ = {isa = PBXBuildFile; fileRef = CA43AF48EA2FB57B746057E0 /* Theme.swift */; };
		D839D45B6A7E9CE3DB7F2BD5 /* ChatStorage.swift in Sources */ = {isa = PBXBuildFile; fileRef = 344E00E7D61F1606769D0EE2 /* ChatStorage.swift */; };
		DB5621AE662B1397676D36CC /* StreamingTextService.swift in Sources */ = {isa = PBXBuildFile; fileRef = 0B00ECB421DFDC98B1C674EF /* StreamingTextService.swift */; };
		E4472D09CB7948E39CCAB2E8 /* Colors.swift in Sources */ = {isa = PBXBuildFile; fileRef = 479926A74EA176C7C8AA21A6 /* Colors.swift */; };
		E805D506561ABCE7617DB92E /* NotificationService.swift in Sources */ = {isa = PBXBuildFile; fileRef = F085751950E65D64860B7C6B /* NotificationService.swift */; };
		EBF4105694DCC2133E2ABB39 /* GuardianView.swift in Sources */ = {isa = PBXBuildFile; fileRef = 8273B852F36E93F2E755DD5F /* GuardianView.swift */; };
		F4067484B8D8D87EBAC4195D /* MapView.swift in Sources */ = {isa = PBXBuildFile; fileRef = ACA443C5CDA17D69E11F0A9F /* MapView.swift */; };
/* End PBXBuildFile section */

/* Begin PBXFileReference section */
		0B00ECB421DFDC98B1C674EF /* StreamingTextService.swift */ = {isa = PBXFileReference; lastKnownFileType = sourcecode.swift; path = StreamingTextService.swift; sourceTree = "<group>"; };
		0D1C87382820B9459140AEEB /* Message.swift */ = {isa = PBXFileReference; lastKnownFileType = sourcecode.swift; path = Message.swift; sourceTree = "<group>"; };
		2065F228E173E51AE9EBEE17 /* AxisToggle.swift */ = {isa = PBXFileReference; lastKnownFileType = sourcecode.swift; path = AxisToggle.swift; sourceTree = "<group>"; };
		217835B356C8176ED6106F7D /* FileIndexer.swift */ = {isa = PBXFileReference; lastKnownFileType = sourcecode.swift; path = FileIndexer.swift; sourceTree = "<group>"; };
		267F97345C5373608F7653D4 /* Spacing.swift */ = {isa = PBXFileReference; lastKnownFileType = sourcecode.swift; path = Spacing.swift; sourceTree = "<group>"; };
		271F327845B949746BC379BB /* HapticService.swift */ = {isa = PBXFileReference; lastKnownFileType = sourcecode.swift; path = HapticService.swift; sourceTree = "<group>"; };
		280053F53ADD0D0464B82975 /* VoiceInputService.swift */ = {isa = PBXFileReference; lastKnownFileType = sourcecode.swift; path = VoiceInputService.swift; sourceTree = "<group>"; };
		2FA32F70E520FFDE393EC53C /* SkillsView.swift */ = {isa = PBXFileReference; lastKnownFileType = sourcecode.swift; path = SkillsView.swift; sourceTree = "<group>"; };
		32B0AAD78A4EE8FFFC762846 /* ContextRingView.swift */ = {isa = PBXFileReference; lastKnownFileType = sourcecode.swift; path = ContextRingView.swift; sourceTree = "<group>"; };
		344E00E7D61F1606769D0EE2 /* ChatStorage.swift */ = {isa = PBXFileReference; lastKnownFileType = sourcecode.swift; path = ChatStorage.swift; sourceTree = "<group>"; };
		434C5C4037B2548A3EDE44AA /* ChatSearch.swift */ = {isa = PBXFileReference; lastKnownFileType = sourcecode.swift; path = ChatSearch.swift; sourceTree = "<group>"; };
		4553D5EC5C562FA759C94E3B /* AppDelegate.swift */ = {isa = PBXFileReference; lastKnownFileType = sourcecode.swift; path = AppDelegate.swift; sourceTree = "<group>"; };
		479926A74EA176C7C8AA21A6 /* Colors.swift */ = {isa = PBXFileReference; lastKnownFileType = sourcecode.swift; path = Colors.swift; sourceTree = "<group>"; };
		4A04597C9D4CB9CC80BF8768 /* ClaudeCodeRunner.swift */ = {isa = PBXFileReference; lastKnownFileType = sourcecode.swift; path = ClaudeCodeRunner.swift; sourceTree = "<group>"; };
		4B9545F843F55A90CE1622C8 /* Skill.swift */ = {isa = PBXFileReference; lastKnownFileType = sourcecode.swift; path = Skill.swift; sourceTree = "<group>"; };
		52A0D01A3E6D582C47230C69 /* Colors.xcassets */ = {isa = PBXFileReference; lastKnownFileType = folder.assetcatalog; path = Colors.xcassets; sourceTree = "<group>"; };
		5456245854E6D25C5E8E6029 /* MessageBubbleView.swift */ = {isa = PBXFileReference; lastKnownFileType = sourcecode.swift; path = MessageBubbleView.swift; sourceTree = "<group>"; };
		546B42D0C9ABCEBB94EBD739 /* ClaudeCodeService.swift */ = {isa = PBXFileReference; lastKnownFileType = sourcecode.swift; path = ClaudeCodeService.swift; sourceTree = "<group>"; };
		5ED328E80CB41170E72E8993 /* ProjectPromptManager.swift */ = {isa = PBXFileReference; lastKnownFileType = sourcecode.swift; path = ProjectPromptManager.swift; sourceTree = "<group>"; };
		61948BBFD1E3A317E8E23948 /* Info.plist */ = {isa = PBXFileReference; lastKnownFileType = text.plist; path = Info.plist; sourceTree = "<group>"; };
		6982478F63F61AE6290B01B1 /* MenuBarController.swift */ = {isa = PBXFileReference; lastKnownFileType = sourcecode.swift; path = MenuBarController.swift; sourceTree = "<group>"; };
		6B06786A7A153E92C91528E1 /* SkillRunner.swift */ = {isa = PBXFileReference; lastKnownFileType = sourcecode.swift; path = SkillRunner.swift; sourceTree = "<group>"; };
		6B5D6CA1C3B99D13C3554CD3 /* AgentManager.swift */ = {isa = PBXFileReference; lastKnownFileType = sourcecode.swift; path = AgentManager.swift; sourceTree = "<group>"; };
		71C26F1FEBFCD054F854DC82 /* MapToolbar.swift */ = {isa = PBXFileReference; lastKnownFileType = sourcecode.swift; path = MapToolbar.swift; sourceTree = "<group>"; };
		7A764A5751982A2E23166AD0 /* ContextMetrics.swift */ = {isa = PBXFileReference; lastKnownFileType = sourcecode.swift; path = ContextMetrics.swift; sourceTree = "<group>"; };
		80987B7D361E3D67BE026F3B /* GraphNode.swift */ = {isa = PBXFileReference; lastKnownFileType = sourcecode.swift; path = GraphNode.swift; sourceTree = "<group>"; };
		8273B852F36E93F2E755DD5F /* GuardianView.swift */ = {isa = PBXFileReference; lastKnownFileType = sourcecode.swift; path = GuardianView.swift; sourceTree = "<group>"; };
		83DAB36527755F952D9F34C4 /* AxisBlueprintApp.swift */ = {isa = PBXFileReference; lastKnownFileType = sourcecode.swift; path = AxisBlueprintApp.swift; sourceTree = "<group>"; };
		89D59E17667F755160EC997E /* SettingsView.swift */ = {isa = PBXFileReference; lastKnownFileType = sourcecode.swift; path = SettingsView.swift; sourceTree = "<group>"; };
		89E9F0DD7F188ED6D5C6F0C8 /* VoiceService.swift */ = {isa = PBXFileReference; lastKnownFileType = sourcecode.swift; path = VoiceService.swift; sourceTree = "<group>"; };
		8BF1293575ECB6E7302E8201 /* EmptyChatView.swift */ = {isa = PBXFileReference; lastKnownFileType = sourcecode.swift; path = EmptyChatView.swift; sourceTree = "<group>"; };
		8EE80A4ED1008AC2B8313B85 /* SessionManager.swift */ = {isa = PBXFileReference; lastKnownFileType = sourcecode.swift; path = SessionManager.swift; sourceTree = "<group>"; };
		94E945D9F12D3BECCA060F6E /* Axis.app */ = {isa = PBXFileReference; explicitFileType = wrapper.application; includeInIndex = 0; path = Axis.app; sourceTree = BUILT_PRODUCTS_DIR; };
		9B9EA0ABD507F06EF6DBC173 /* MCPServer.swift */ = {isa = PBXFileReference; lastKnownFileType = sourcecode.swift; path = MCPServer.swift; sourceTree = "<group>"; };
		9C7182BB458D37A20016B45D /* SettingsStore.swift */ = {isa = PBXFileReference; lastKnownFileType = sourcecode.swift; path = SettingsStore.swift; sourceTree = "<group>"; };
		ACA443C5CDA17D69E11F0A9F /* MapView.swift */ = {isa = PBXFileReference; lastKnownFileType = sourcecode.swift; path = MapView.swift; sourceTree = "<group>"; };
		B7CEC593D46FA6A8E01E0DB9 /* ContextManager.swift */ = {isa = PBXFileReference; lastKnownFileType = sourcecode.swift; path = ContextManager.swift; sourceTree = "<group>"; };
		B968CDC174AE5F69DB398AAF /* SkillEditorView.swift */ = {isa = PBXFileReference; lastKnownFileType = sourcecode.swift; path = SkillEditorView.swift; sourceTree = "<group>"; };
		BA14E228DFF4814A7C71DF7B /* PhysicsSimulation.swift */ = {isa = PBXFileReference; lastKnownFileType = sourcecode.swift; path = PhysicsSimulation.swift; sourceTree = "<group>"; };
		BDEA6950501F7F788507952D /* Typography.swift */ = {isa = PBXFileReference; lastKnownFileType = sourcecode.swift; path = Typography.swift; sourceTree = "<group>"; };
		C77C85771BDA89DD1934D786 /* ComposeView.swift */ = {isa = PBXFileReference; lastKnownFileType = sourcecode.swift; path = ComposeView.swift; sourceTree = "<group>"; };
		C9E0345298EABABAA9FA842F /* PopoverContentView.swift */ = {isa = PBXFileReference; lastKnownFileType = sourcecode.swift; path = PopoverContentView.swift; sourceTree = "<group>"; };
		CA43AF48EA2FB57B746057E0 /* Theme.swift */ = {isa = PBXFileReference; lastKnownFileType = sourcecode.swift; path = Theme.swift; sourceTree = "<group>"; };
		DF1A9A57FB7168592B3066C1 /* HistoryView.swift */ = {isa = PBXFileReference; lastKnownFileType = sourcecode.swift; path = HistoryView.swift; sourceTree = "<group>"; };
		E4D59EA7891336234F7D8198 /* ChatView.swift */ = {isa = PBXFileReference; lastKnownFileType = sourcecode.swift; path = ChatView.swift; sourceTree = "<group>"; };
		F085751950E65D64860B7C6B /* NotificationService.swift */ = {isa = PBXFileReference; lastKnownFileType = sourcecode.swift; path = NotificationService.swift; sourceTree = "<group>"; };
		F942DE47ABB6736A07DB4A68 /* GuardianService.swift */ = {isa = PBXFileReference; lastKnownFileType = sourcecode.swift; path = GuardianService.swift; sourceTree = "<group>"; };
/* End PBXFileReference section */

/* Begin PBXGroup section */
		01C49570565C275679955742 /* Products */ = {
			isa = PBXGroup;
			children = (
				94E945D9F12D3BECCA060F6E /* Axis.app */,
			);
			name = Products;
			sourceTree = "<group>";
		};
		2D48CA964F8042DAD88189C2 /* Theme */ = {
			isa = PBXGroup;
			children = (
				479926A74EA176C7C8AA21A6 /* Colors.swift */,
				52A0D01A3E6D582C47230C69 /* Colors.xcassets */,
				267F97345C5373608F7653D4 /* Spacing.swift */,
				CA43AF48EA2FB57B746057E0 /* Theme.swift */,
				BDEA6950501F7F788507952D /* Typography.swift */,
			);
			path = Theme;
			sourceTree = "<group>";
		};
		3925D87FFEE13B0F97F9D9F3 /* Core */ = {
			isa = PBXGroup;
			children = (
				6B5D6CA1C3B99D13C3554CD3 /* AgentManager.swift */,
				344E00E7D61F1606769D0EE2 /* ChatStorage.swift */,
				4A04597C9D4CB9CC80BF8768 /* ClaudeCodeRunner.swift */,
				546B42D0C9ABCEBB94EBD739 /* ClaudeCodeService.swift */,
				B7CEC593D46FA6A8E01E0DB9 /* ContextManager.swift */,
				271F327845B949746BC379BB /* HapticService.swift */,
				9B9EA0ABD507F06EF6DBC173 /* MCPServer.swift */,
				5ED328E80CB41170E72E8993 /* ProjectPromptManager.swift */,
				8EE80A4ED1008AC2B8313B85 /* SessionManager.swift */,
				6B06786A7A153E92C91528E1 /* SkillRunner.swift */,
			);
			path = Core;
			sourceTree = "<group>";
		};
		7051EE186D897783363DBCC7 /* Skills */ = {
			isa = PBXGroup;
			children = (
				B968CDC174AE5F69DB398AAF /* SkillEditorView.swift */,
				2FA32F70E520FFDE393EC53C /* SkillsView.swift */,
			);
			path = Skills;
			sourceTree = "<group>";
		};
		759802848513E31A63D8CED6 /* Services */ = {
			isa = PBXGroup;
			children = (
				F085751950E65D64860B7C6B /* NotificationService.swift */,
				0B00ECB421DFDC98B1C674EF /* StreamingTextService.swift */,
				280053F53ADD0D0464B82975 /* VoiceInputService.swift */,
				89E9F0DD7F188ED6D5C6F0C8 /* VoiceService.swift */,
			);
			path = Services;
			sourceTree = "<group>";
		};
		76A0E3AB8FF65E2797F72732 /* Chat */ = {
			isa = PBXGroup;
			children = (
				E4D59EA7891336234F7D8198 /* ChatView.swift */,
				C77C85771BDA89DD1934D786 /* ComposeView.swift */,
				32B0AAD78A4EE8FFFC762846 /* ContextRingView.swift */,
				5456245854E6D25C5E8E6029 /* MessageBubbleView.swift */,
			);
			path = Chat;
			sourceTree = "<group>";
		};
		8D0906263D225C88336C3681 /* Guardian */ = {
			isa = PBXGroup;
			children = (
				F942DE47ABB6736A07DB4A68 /* GuardianService.swift */,
				8273B852F36E93F2E755DD5F /* GuardianView.swift */,
			);
			path = Guardian;
			sourceTree = "<group>";
		};
		8E41DBD53D6E88E02C7B2180 /* Settings */ = {
			isa = PBXGroup;
			children = (
				9C7182BB458D37A20016B45D /* SettingsStore.swift */,
				89D59E17667F755160EC997E /* SettingsView.swift */,
			);
			path = Settings;
			sourceTree = "<group>";
		};
		8EF06B8BFB898D694631D94A /* Sources */ = {
			isa = PBXGroup;
			children = (
				BDB897534E4119D8008B58DA /* App */,
				DC94817EB0C1197EFD3D53CD /* Components */,
				3925D87FFEE13B0F97F9D9F3 /* Core */,
				E66D393DFB15933A94CDEA99 /* Features */,
				FA84EB9C99DEFBEB0D788543 /* Models */,
				759802848513E31A63D8CED6 /* Services */,
				2D48CA964F8042DAD88189C2 /* Theme */,
				F11826F60C6BCC5163F53102 /* Utilities */,
			);
			path = Sources;
			sourceTree = "<group>";
		};
		9FD82CA1D30FEB039D725CF8 = {
			isa = PBXGroup;
			children = (
				8EF06B8BFB898D694631D94A /* Sources */,
				01C49570565C275679955742 /* Products */,
			);
			sourceTree = "<group>";
		};
		A5D8719E43DAEE41EA3AD70F /* Agents */ = {
			isa = PBXGroup;
			children = (
			);
			path = Agents;
			sourceTree = "<group>";
		};
		B63FAEF917001E10DA2C5FC8 /* Map */ = {
			isa = PBXGroup;
			children = (
				217835B356C8176ED6106F7D /* FileIndexer.swift */,
				71C26F1FEBFCD054F854DC82 /* MapToolbar.swift */,
				ACA443C5CDA17D69E11F0A9F /* MapView.swift */,
				BA14E228DFF4814A7C71DF7B /* PhysicsSimulation.swift */,
			);
			path = Map;
			sourceTree = "<group>";
		};
		BDB897534E4119D8008B58DA /* App */ = {
			isa = PBXGroup;
			children = (
				4553D5EC5C562FA759C94E3B /* AppDelegate.swift */,
				83DAB36527755F952D9F34C4 /* AxisBlueprintApp.swift */,
				61948BBFD1E3A317E8E23948 /* Info.plist */,
				6982478F63F61AE6290B01B1 /* MenuBarController.swift */,
				C9E0345298EABABAA9FA842F /* PopoverContentView.swift */,
			);
			path = App;
			sourceTree = "<group>";
		};
		D73FB1869F39798EA72822C9 /* History */ = {
			isa = PBXGroup;
			children = (
				434C5C4037B2548A3EDE44AA /* ChatSearch.swift */,
				8BF1293575ECB6E7302E8201 /* EmptyChatView.swift */,
				DF1A9A57FB7168592B3066C1 /* HistoryView.swift */,
			);
			path = History;
			sourceTree = "<group>";
		};
		DC94817EB0C1197EFD3D53CD /* Components */ = {
			isa = PBXGroup;
			children = (
				2065F228E173E51AE9EBEE17 /* AxisToggle.swift */,
			);
			path = Components;
			sourceTree = "<group>";
		};
		E66D393DFB15933A94CDEA99 /* Features */ = {
			isa = PBXGroup;
			children = (
				A5D8719E43DAEE41EA3AD70F /* Agents */,
				76A0E3AB8FF65E2797F72732 /* Chat */,
				8D0906263D225C88336C3681 /* Guardian */,
				D73FB1869F39798EA72822C9 /* History */,
				B63FAEF917001E10DA2C5FC8 /* Map */,
				8E41DBD53D6E88E02C7B2180 /* Settings */,
				7051EE186D897783363DBCC7 /* Skills */,
			);
			path = Features;
			sourceTree = "<group>";
		};
		F11826F60C6BCC5163F53102 /* Utilities */ = {
			isa = PBXGroup;
			children = (
			);
			path = Utilities;
			sourceTree = "<group>";
		};
		FA84EB9C99DEFBEB0D788543 /* Models */ = {
			isa = PBXGroup;
			children = (
				7A764A5751982A2E23166AD0 /* ContextMetrics.swift */,
				80987B7D361E3D67BE026F3B /* GraphNode.swift */,
				0D1C87382820B9459140AEEB /* Message.swift */,
				4B9545F843F55A90CE1622C8 /* Skill.swift */,
			);
			path = Models;
			sourceTree = "<group>";
		};
/* End PBXGroup section */

/* Begin PBXNativeTarget section */
		CD099F3D04F37FA19CDC6965 /* Axis */ = {
			isa = PBXNativeTarget;
			buildConfigurationList = 1A2111C4951EB61CFDEC66AF /* Build configuration list for PBXNativeTarget "Axis" */;
			buildPhases = (
				4E4B20AA22895B79A44D4C2C /* Sources */,
				1FF324A0DD18E72B29AE0701 /* Resources */,
			);
			buildRules = (
			);
			dependencies = (
			);
			name = Axis;
			productName = Axis;
			productReference = 94E945D9F12D3BECCA060F6E /* Axis.app */;
			productType = "com.apple.product-type.application";
		};
/* End PBXNativeTarget section */

/* Begin PBXProject section */
		9DDA92A692BC72E8D4D2AAD2 /* Project object */ = {
			isa = PBXProject;
			attributes = {
				BuildIndependentTargetsInParallel = YES;
				LastUpgradeCheck = 1600;
				TargetAttributes = {
					CD099F3D04F37FA19CDC6965 = {
						ProvisioningStyle = Automatic;
					};
				};
			};
			buildConfigurationList = 4B12B6D49FF58B5412D9F500 /* Build configuration list for PBXProject "Axis" */;
			compatibilityVersion = "Xcode 14.0";
			developmentRegion = en;
			hasScannedForEncodings = 0;
			knownRegions = (
				Base,
				en,
			);
			mainGroup = 9FD82CA1D30FEB039D725CF8;
			projectDirPath = "";
			projectRoot = "";
			targets = (
				CD099F3D04F37FA19CDC6965 /* Axis */,
			);
		};
/* End PBXProject section */

/* Begin PBXResourcesBuildPhase section */
		1FF324A0DD18E72B29AE0701 /* Resources */ = {
			isa = PBXResourcesBuildPhase;
			buildActionMask = 2147483647;
			files = (
				00FC31F1B369AF3CEA078E64 /* Colors.xcassets in Resources */,
			);
			runOnlyForDeploymentPostprocessing = 0;
		};
/* End PBXResourcesBuildPhase section */

/* Begin PBXSourcesBuildPhase section */
		4E4B20AA22895B79A44D4C2C /* Sources */ = {
			isa = PBXSourcesBuildPhase;
			buildActionMask = 2147483647;
			files = (
				B29AE785A8D224E71CE3DC13 /* AgentManager.swift in Sources */,
				859832B70BC5AF1C4459A201 /* AppDelegate.swift in Sources */,
				B8BA3275451CA793EF250DC6 /* AxisBlueprintApp.swift in Sources */,
				BD9E5AC5C2D9865DAAA02C17 /* AxisToggle.swift in Sources */,
				BA5F672FB885B7838682AAF6 /* ChatSearch.swift in Sources */,
				D839D45B6A7E9CE3DB7F2BD5 /* ChatStorage.swift in Sources */,
				5CAE5385D553A89DA027B46B /* ChatView.swift in Sources */,
				A68F67E4E2E8E55A2A2A53A5 /* ClaudeCodeRunner.swift in Sources */,
				9867168DB276CD1CF23B3D59 /* ClaudeCodeService.swift in Sources */,
				E4472D09CB7948E39CCAB2E8 /* Colors.swift in Sources */,
				7944F30C6A06ECAD1637172D /* ComposeView.swift in Sources */,
				67E058A2973B95E16463AC91 /* ContextManager.swift in Sources */,
				5AC69DD9E899F80C3317DF11 /* ContextMetrics.swift in Sources */,
				4E2DA4634342117D863AEC03 /* ContextRingView.swift in Sources */,
				040B3784FA34E0A6969B8E6D /* EmptyChatView.swift in Sources */,
				08549061816A5D45B919B90E /* FileIndexer.swift in Sources */,
				62915AEFC7275C7C4517190F /* GraphNode.swift in Sources */,
				493BCDC891CC7644F564AD1F /* GuardianService.swift in Sources */,
				EBF4105694DCC2133E2ABB39 /* GuardianView.swift in Sources */,
				376D8F8E01CB021619BE81E6 /* HapticService.swift in Sources */,
				4F58E047596A31F164A088F3 /* HistoryView.swift in Sources */,
				7D38A721AB6A15091BF5FB6F /* MCPServer.swift in Sources */,
				A10AC1623DD9C0E150C4D15A /* MapToolbar.swift in Sources */,
				F4067484B8D8D87EBAC4195D /* MapView.swift in Sources */,
				721091183B82A6C938FCEFF7 /* MenuBarController.swift in Sources */,
				09C610DBBE49E5669C06841F /* Message.swift in Sources */,
				4A53275F17B1F50FADBE8036 /* MessageBubbleView.swift in Sources */,
				E805D506561ABCE7617DB92E /* NotificationService.swift in Sources */,
				BC9EA465A831E0BD5690692E /* PhysicsSimulation.swift in Sources */,
				B6A1A889FD4954425899776F /* PopoverContentView.swift in Sources */,
				6A5A85C97D90B640244A628C /* ProjectPromptManager.swift in Sources */,
				379E91E6822F7DBDB8C99743 /* SessionManager.swift in Sources */,
				BB02A9C32773D74BFDF850E5 /* SettingsStore.swift in Sources */,
				1CA6FB3E6E96B350E0BC7A6E /* SettingsView.swift in Sources */,
				7BC4C92BED89C23F7A958CFF /* Skill.swift in Sources */,
				3794A932252AD917342FF070 /* SkillEditorView.swift in Sources */,
				8867811D73D836C7E576A450 /* SkillRunner.swift in Sources */,
				008897BC0A8B2891122E02A0 /* SkillsView.swift in Sources */,
				AA06259DE1F4A3BB5D7AEC78 /* Spacing.swift in Sources */,
				DB5621AE662B1397676D36CC /* StreamingTextService.swift in Sources */,
				CBBF404B3C1706443983EC31 /* Theme.swift in Sources */,
				6BB99D08CB4A879B2E2FD550 /* Typography.swift in Sources */,
				79F527CBFBA43F6C1F6B7CF3 /* VoiceInputService.swift in Sources */,
				7ECAD718557AFA3D6AECF78B /* VoiceService.swift in Sources */,
			);
			runOnlyForDeploymentPostprocessing = 0;
		};
/* End PBXSourcesBuildPhase section */

/* Begin XCBuildConfiguration section */
		38258A5B35F3ED77F6B04CCC /* Release */ = {
			isa = XCBuildConfiguration;
			buildSettings = {
				ALWAYS_SEARCH_USER_PATHS = NO;
				ASSETCATALOG_COMPILER_APPICON_NAME = AppIcon;
				ASSETCATALOG_COMPILER_GLOBAL_ACCENT_COLOR_NAME = AccentColor;
				CLANG_ANALYZER_NONNULL = YES;
				CLANG_ANALYZER_NUMBER_OBJECT_CONVERSION = YES_AGGRESSIVE;
				CLANG_CXX_LANGUAGE_STANDARD = "gnu++14";
				CLANG_CXX_LIBRARY = "libc++";
				CLANG_ENABLE_MODULES = YES;
				CLANG_ENABLE_OBJC_ARC = YES;
				CLANG_ENABLE_OBJC_WEAK = YES;
				CLANG_WARN_BLOCK_CAPTURE_AUTORELEASING = YES;
				CLANG_WARN_BOOL_CONVERSION = YES;
				CLANG_WARN_COMMA = YES;
				CLANG_WARN_CONSTANT_CONVERSION = YES;
				CLANG_WARN_DEPRECATED_OBJC_IMPLEMENTATIONS = YES;
				CLANG_WARN_DIRECT_OBJC_ISA_USAGE = YES_ERROR;
				CLANG_WARN_DOCUMENTATION_COMMENTS = YES;
				CLANG_WARN_EMPTY_BODY = YES;
				CLANG_WARN_ENUM_CONVERSION = YES;
				CLANG_WARN_INFINITE_RECURSION = YES;
				CLANG_WARN_INT_CONVERSION = YES;
				CLANG_WARN_NON_LITERAL_NULL_CONVERSION = YES;
				CLANG_WARN_OBJC_IMPLICIT_RETAIN_SELF = YES;
				CLANG_WARN_OBJC_LITERAL_CONVERSION = YES;
				CLANG_WARN_OBJC_ROOT_CLASS = YES_ERROR;
				CLANG_WARN_QUOTED_INCLUDE_IN_FRAMEWORK_HEADER = YES;
				CLANG_WARN_RANGE_LOOP_ANALYSIS = YES;
				CLANG_WARN_STRICT_PROTOTYPES = YES;
				CLANG_WARN_SUSPICIOUS_MOVE = YES;
				CLANG_WARN_UNGUARDED_AVAILABILITY = YES_AGGRESSIVE;
				CLANG_WARN_UNREACHABLE_CODE = YES;
				CLANG_WARN__DUPLICATE_METHOD_MATCH = YES;
				CODE_SIGN_STYLE = Automatic;
				COMBINE_HIDPI_IMAGES = YES;
				COPY_PHASE_STRIP = NO;
				CURRENT_PROJECT_VERSION = 1;
				DEBUG_INFORMATION_FORMAT = "dwarf-with-dsym";
				ENABLE_HARDENED_RUNTIME = YES;
				ENABLE_NS_ASSERTIONS = NO;
				ENABLE_STRICT_OBJC_MSGSEND = YES;
				GCC_C_LANGUAGE_STANDARD = gnu11;
				GCC_NO_COMMON_BLOCKS = YES;
				GCC_WARN_64_TO_32_BIT_CONVERSION = YES;
				GCC_WARN_ABOUT_RETURN_TYPE = YES_ERROR;
				GCC_WARN_UNDECLARED_SELECTOR = YES;
				GCC_WARN_UNINITIALIZED_AUTOS = YES_AGGRESSIVE;
				GCC_WARN_UNUSED_FUNCTION = YES;
				GCC_WARN_UNUSED_VARIABLE = YES;
				GENERATE_INFOPLIST_FILE = YES;
				INFOPLIST_KEY_LSUIElement = YES;
				INFOPLIST_KEY_NSHumanReadableCopyright = "Copyright © 2026 AxisBlueprint. All rights reserved.";
				MACOSX_DEPLOYMENT_TARGET = 15.0;
				MARKETING_VERSION = 1.0.0;
				MTL_ENABLE_DEBUG_INFO = NO;
				MTL_FAST_MATH = YES;
				PRODUCT_NAME = Axis;
				SDKROOT = macosx;
				SWIFT_COMPILATION_MODE = wholemodule;
				SWIFT_EMIT_LOC_STRINGS = YES;
				SWIFT_OPTIMIZATION_LEVEL = "-O";
				SWIFT_STRICT_CONCURRENCY = complete;
				SWIFT_VERSION = 6.0;
			};
			name = Release;
		};
		44E3CF167AFF0AE6A03E4A73 /* Debug */ = {
			isa = XCBuildConfiguration;
			buildSettings = {
				ASSETCATALOG_COMPILER_APPICON_NAME = AppIcon;
				COMBINE_HIDPI_IMAGES = YES;
				INFOPLIST_FILE = Sources/App/Info.plist;
				INFOPLIST_KEY_CFBundleDisplayName = Axis;
				INFOPLIST_KEY_LSApplicationCategoryType = "public.app-category.developer-tools";
				LD_RUNPATH_SEARCH_PATHS = "$(inherited) @executable_path/../Frameworks";
				PRODUCT_BUNDLE_IDENTIFIER = com.axisblueprint.app;
				SDKROOT = macosx;
			};
			name = Debug;
		};
		93D79F32B4F691C9B0970686 /* Debug */ = {
			isa = XCBuildConfiguration;
			buildSettings = {
				ALWAYS_SEARCH_USER_PATHS = NO;
				ASSETCATALOG_COMPILER_APPICON_NAME = AppIcon;
				ASSETCATALOG_COMPILER_GLOBAL_ACCENT_COLOR_NAME = AccentColor;
				CLANG_ANALYZER_NONNULL = YES;
				CLANG_ANALYZER_NUMBER_OBJECT_CONVERSION = YES_AGGRESSIVE;
				CLANG_CXX_LANGUAGE_STANDARD = "gnu++14";
				CLANG_CXX_LIBRARY = "libc++";
				CLANG_ENABLE_MODULES = YES;
				CLANG_ENABLE_OBJC_ARC = YES;
				CLANG_ENABLE_OBJC_WEAK = YES;
				CLANG_WARN_BLOCK_CAPTURE_AUTORELEASING = YES;
				CLANG_WARN_BOOL_CONVERSION = YES;
				CLANG_WARN_COMMA = YES;
				CLANG_WARN_CONSTANT_CONVERSION = YES;
				CLANG_WARN_DEPRECATED_OBJC_IMPLEMENTATIONS = YES;
				CLANG_WARN_DIRECT_OBJC_ISA_USAGE = YES_ERROR;
				CLANG_WARN_DOCUMENTATION_COMMENTS = YES;
				CLANG_WARN_EMPTY_BODY = YES;
				CLANG_WARN_ENUM_CONVERSION = YES;
				CLANG_WARN_INFINITE_RECURSION = YES;
				CLANG_WARN_INT_CONVERSION = YES;
				CLANG_WARN_NON_LITERAL_NULL_CONVERSION = YES;
				CLANG_WARN_OBJC_IMPLICIT_RETAIN_SELF = YES;
				CLANG_WARN_OBJC_LITERAL_CONVERSION = YES;
				CLANG_WARN_OBJC_ROOT_CLASS = YES_ERROR;
				CLANG_WARN_QUOTED_INCLUDE_IN_FRAMEWORK_HEADER = YES;
				CLANG_WARN_RANGE_LOOP_ANALYSIS = YES;
				CLANG_WARN_STRICT_PROTOTYPES = YES;
				CLANG_WARN_SUSPICIOUS_MOVE = YES;
				CLANG_WARN_UNGUARDED_AVAILABILITY = YES_AGGRESSIVE;
				CLANG_WARN_UNREACHABLE_CODE = YES;
				CLANG_WARN__DUPLICATE_METHOD_MATCH = YES;
				CODE_SIGN_STYLE = Automatic;
				COMBINE_HIDPI_IMAGES = YES;
				COPY_PHASE_STRIP = NO;
				CURRENT_PROJECT_VERSION = 1;
				DEBUG_INFORMATION_FORMAT = "dwarf-with-dsym";
				ENABLE_HARDENED_RUNTIME = YES;
				ENABLE_STRICT_OBJC_MSGSEND = YES;
				ENABLE_TESTABILITY = YES;
				GCC_C_LANGUAGE_STANDARD = gnu11;
				GCC_DYNAMIC_NO_PIC = NO;
				GCC_NO_COMMON_BLOCKS = YES;
				GCC_OPTIMIZATION_LEVEL = 0;
				GCC_PREPROCESSOR_DEFINITIONS = (
					"$(inherited)",
					"DEBUG=1",
				);
				GCC_WARN_64_TO_32_BIT_CONVERSION = YES;
				GCC_WARN_ABOUT_RETURN_TYPE = YES_ERROR;
				GCC_WARN_UNDECLARED_SELECTOR = YES;
				GCC_WARN_UNINITIALIZED_AUTOS = YES_AGGRESSIVE;
				GCC_WARN_UNUSED_FUNCTION = YES;
				GCC_WARN_UNUSED_VARIABLE = YES;
				GENERATE_INFOPLIST_FILE = YES;
				INFOPLIST_KEY_LSUIElement = YES;
				INFOPLIST_KEY_NSHumanReadableCopyright = "Copyright © 2026 AxisBlueprint. All rights reserved.";
				MACOSX_DEPLOYMENT_TARGET = 15.0;
				MARKETING_VERSION = 1.0.0;
				MTL_ENABLE_DEBUG_INFO = INCLUDE_SOURCE;
				MTL_FAST_MATH = YES;
				ONLY_ACTIVE_ARCH = YES;
				PRODUCT_NAME = Axis;
				SDKROOT = macosx;
				SWIFT_ACTIVE_COMPILATION_CONDITIONS = DEBUG;
				SWIFT_EMIT_LOC_STRINGS = YES;
				SWIFT_OPTIMIZATION_LEVEL = "-Onone";
				SWIFT_STRICT_CONCURRENCY = complete;
				SWIFT_VERSION = 6.0;
			};
			name = Debug;
		};
		EE4D42CAD141BA8BFFF371CE /* Release */ = {
			isa = XCBuildConfiguration;
			buildSettings = {
				ASSETCATALOG_COMPILER_APPICON_NAME = AppIcon;
				COMBINE_HIDPI_IMAGES = YES;
				INFOPLIST_FILE = Sources/App/Info.plist;
				INFOPLIST_KEY_CFBundleDisplayName = Axis;
				INFOPLIST_KEY_LSApplicationCategoryType = "public.app-category.developer-tools";
				LD_RUNPATH_SEARCH_PATHS = "$(inherited) @executable_path/../Frameworks";
				PRODUCT_BUNDLE_IDENTIFIER = com.axisblueprint.app;
				SDKROOT = macosx;
			};
			name = Release;
		};
/* End XCBuildConfiguration section */

/* Begin XCConfigurationList section */
		1A2111C4951EB61CFDEC66AF /* Build configuration list for PBXNativeTarget "Axis" */ = {
			isa = XCConfigurationList;
			buildConfigurations = (
				44E3CF167AFF0AE6A03E4A73 /* Debug */,
				EE4D42CAD141BA8BFFF371CE /* Release */,
			);
			defaultConfigurationIsVisible = 0;
			defaultConfigurationName = Debug;
		};
		4B12B6D49FF58B5412D9F500 /* Build configuration list for PBXProject "Axis" */ = {
			isa = XCConfigurationList;
			buildConfigurations = (
				93D79F32B4F691C9B0970686 /* Debug */,
				38258A5B35F3ED77F6B04CCC /* Release */,
			);
			defaultConfigurationIsVisible = 0;
			defaultConfigurationName = Debug;
		};
/* End XCConfigurationList section */
	};
	rootObject = 9DDA92A692BC72E8D4D2AAD2 /* Project object */;
}
